# THIS IS AN AUTOGENERATED FILE. DO NOT EDIT THIS FILE DIRECTLY.
# yarn lockfile v1


"@react-spring/animated@~9.7.5":
  version "9.7.5"
  resolved "https://registry.yarnpkg.com/@react-spring/animated/-/animated-9.7.5.tgz#eb0373aaf99b879736b380c2829312dae3b05f28"
  integrity sha512-Tqrwz7pIlsSDITzxoLS3n/v/YCUHQdOIKtOJf4yL6kYVSDTSmVK1LI1Q3M/uu2Sx4X3pIWF3xLUhlsA6SPNTNg==
  dependencies:
    "@react-spring/shared" "~9.7.5"
    "@react-spring/types" "~9.7.5"

"@react-spring/core@~9.7.5":
  version "9.7.5"
  resolved "https://registry.yarnpkg.com/@react-spring/core/-/core-9.7.5.tgz#72159079f52c1c12813d78b52d4f17c0bf6411f7"
  integrity sha512-rmEqcxRcu7dWh7MnCcMXLvrf6/SDlSokLaLTxiPlAYi11nN3B5oiCUAblO72o+9z/87j2uzxa2Inm8UbLjXA+w==
  dependencies:
    "@react-spring/animated" "~9.7.5"
    "@react-spring/shared" "~9.7.5"
    "@react-spring/types" "~9.7.5"

"@react-spring/konva@~9.7.5":
  version "9.7.5"
  resolved "https://registry.yarnpkg.com/@react-spring/konva/-/konva-9.7.5.tgz#ab6b0d9fcb0941db0f11e2437a002628912d2698"
  integrity sha512-BelrmyY6w0FGoNSEfSJltjQDUoW0Prxf+FzGjyLuLs+V9M9OM/aHnYqOlvQEfQsZx6C/ZiDOn5BZl8iH8SDf+Q==
  dependencies:
    "@react-spring/animated" "~9.7.5"
    "@react-spring/core" "~9.7.5"
    "@react-spring/shared" "~9.7.5"
    "@react-spring/types" "~9.7.5"

"@react-spring/native@~9.7.5":
  version "9.7.5"
  resolved "https://registry.yarnpkg.com/@react-spring/native/-/native-9.7.5.tgz#fe48f017ae63472b89ff5f02b2bc075ff8840978"
  integrity sha512-C1S500BNP1I05MftElyLv2nIqaWQ0MAByOAK/p4vuXcUK3XcjFaAJ385gVLgV2rgKfvkqRoz97PSwbh+ZCETEg==
  dependencies:
    "@react-spring/animated" "~9.7.5"
    "@react-spring/core" "~9.7.5"
    "@react-spring/shared" "~9.7.5"
    "@react-spring/types" "~9.7.5"

"@react-spring/rafz@~9.7.5":
  version "9.7.5"
  resolved "https://registry.yarnpkg.com/@react-spring/rafz/-/rafz-9.7.5.tgz#ee7959676e7b5d6a3813e8c17d5e50df98b95df9"
  integrity sha512-5ZenDQMC48wjUzPAm1EtwQ5Ot3bLIAwwqP2w2owG5KoNdNHpEJV263nGhCeKKmuA3vG2zLLOdu3or6kuDjA6Aw==

"@react-spring/shared@~9.7.5":
  version "9.7.5"
  resolved "https://registry.yarnpkg.com/@react-spring/shared/-/shared-9.7.5.tgz#6d513622df6ad750bbbd4dedb4ca0a653ec92073"
  integrity sha512-wdtoJrhUeeyD/PP/zo+np2s1Z820Ohr/BbuVYv+3dVLW7WctoiN7std8rISoYoHpUXtbkpesSKuPIw/6U1w1Pw==
  dependencies:
    "@react-spring/rafz" "~9.7.5"
    "@react-spring/types" "~9.7.5"

"@react-spring/three@~9.7.5":
  version "9.7.5"
  resolved "https://registry.yarnpkg.com/@react-spring/three/-/three-9.7.5.tgz#46bcd22354afa873a809f1c6d7e07b59600b4d08"
  integrity sha512-RxIsCoQfUqOS3POmhVHa1wdWS0wyHAUway73uRLp3GAL5U2iYVNdnzQsep6M2NZ994BlW8TcKuMtQHUqOsy6WA==
  dependencies:
    "@react-spring/animated" "~9.7.5"
    "@react-spring/core" "~9.7.5"
    "@react-spring/shared" "~9.7.5"
    "@react-spring/types" "~9.7.5"

"@react-spring/types@~9.7.5":
  version "9.7.5"
  resolved "https://registry.yarnpkg.com/@react-spring/types/-/types-9.7.5.tgz#e5dd180f3ed985b44fd2cd2f32aa9203752ef3e8"
  integrity sha512-HVj7LrZ4ReHWBimBvu2SKND3cDVUPWKLqRTmWe/fNY6o1owGOX0cAHbdPDTMelgBlVbrTKrre6lFkhqGZErK/g==

"@react-spring/web@~9.7.5":
  version "9.7.5"
  resolved "https://registry.yarnpkg.com/@react-spring/web/-/web-9.7.5.tgz#7d7782560b3a6fb9066b52824690da738605de80"
  integrity sha512-lmvqGwpe+CSttsWNZVr+Dg62adtKhauGwLyGE/RRyZ8AAMLgb9x3NDMA5RMElXo+IMyTkPp7nxTB8ZQlmhb6JQ==
  dependencies:
    "@react-spring/animated" "~9.7.5"
    "@react-spring/core" "~9.7.5"
    "@react-spring/shared" "~9.7.5"
    "@react-spring/types" "~9.7.5"

"@react-spring/zdog@~9.7.5":
  version "9.7.5"
  resolved "https://registry.yarnpkg.com/@react-spring/zdog/-/zdog-9.7.5.tgz#ba11049ecce30d03f92189eefd67ba9a4118149d"
  integrity sha512-VV7vmb52wGHgDA1ry6hv+QgxTs78fqjKEQnj+M8hiBg+dwOsTtqqM24ADtc4cMAhPW+eZhVps8ZNKtjt8ouHFA==
  dependencies:
    "@react-spring/animated" "~9.7.5"
    "@react-spring/core" "~9.7.5"
    "@react-spring/shared" "~9.7.5"
    "@react-spring/types" "~9.7.5"

"@types/json-schema@^7.0.8":
  version "7.0.15"
  resolved "https://registry.yarnpkg.com/@types/json-schema/-/json-schema-7.0.15.tgz#596a1747233694d50f6ad8a7869fcb6f56cf5841"
  integrity sha512-5+fP8P8MFNC+AyZCDxrB2pkZFPGzqQWUzpSeuuVLvm8VMcorNYavBqoFcxK8bQz4Qsbn4oUEEem4wDLfcysGHA==

ajv-keywords@^3.5.2:
  version "3.5.2"
  resolved "https://registry.yarnpkg.com/ajv-keywords/-/ajv-keywords-3.5.2.tgz#31f29da5ab6e00d1c2d329acf7b5929614d5014d"
  integrity sha512-5p6WTN0DdTGVQk6VjcEju19IgaHudalcfabD7yhDGeA6bcQnmL+CpveLJq/3hvfwd1aof6L386Ougkx6RfyMIQ==

ajv@^6.12.5:
  version "6.12.6"
  resolved "https://registry.yarnpkg.com/ajv/-/ajv-6.12.6.tgz#baf5a62e802b07d977034586f8c3baf5adf26df4"
  integrity sha512-j3fVLgvTo527anyYyJOGTYJbG+vnnQYvE0m5mmkc1TK+nxAppkCLMIL0aZ4dblVCNoGShhm+kzE4ZUykBoMg4g==
  dependencies:
    fast-deep-equal "^3.1.1"
    fast-json-stable-stringify "^2.0.0"
    json-schema-traverse "^0.4.1"
    uri-js "^4.2.2"

big.js@^5.2.2:
  version "5.2.2"
  resolved "https://registry.yarnpkg.com/big.js/-/big.js-5.2.2.tgz#65f0af382f578bcdc742bd9c281e9cb2d7768328"
  integrity sha512-vyL2OymJxmarO8gxMr0mhChsO9QGwhynfuu4+MHTAW6czfq9humCB7rKpUjDd9YUiDPU4mzpyupFSvOClAwbmQ==

"d3-color@1 - 3":
  version "3.1.0"
  resolved "https://registry.yarnpkg.com/d3-color/-/d3-color-3.1.0.tgz#395b2833dfac71507f12ac2f7af23bf819de24e2"
  integrity sha512-zg/chbXyeBtMQ1LbD/WSoW2DpC3I0mpmPdW+ynRTj/x2DAWYrIY7qeZIHidozwV24m4iavr15lNwIwLxRmOxhA==

d3-interpolate@^3.0.1:
  version "3.0.1"
  resolved "https://registry.yarnpkg.com/d3-interpolate/-/d3-interpolate-3.0.1.tgz#3c47aa5b32c5b3dfb56ef3fd4342078a632b400d"
  integrity sha512-3bYs1rOD33uo8aqJfKP3JWPAibgw8Zm2+L9vBKEHJ2Rg+viTR7o5Mmv5mZcieN+FRYaAOWX5SJATX6k1PWz72g==
  dependencies:
    d3-color "1 - 3"

emojis-list@^3.0.0:
  version "3.0.0"
  resolved "https://registry.yarnpkg.com/emojis-list/-/emojis-list-3.0.0.tgz#5570662046ad29e2e916e71aae260abdff4f6a78"
  integrity sha512-/kyM18EfinwXZbno9FyUGeFh87KC8HRQBQGildHZbEuRyWFOmv1U10o9BBp8XVZDVNNuQKyIGIu5ZYAAXJ0V2Q==

fast-deep-equal@^3.1.1:
  version "3.1.3"
  resolved "https://registry.yarnpkg.com/fast-deep-equal/-/fast-deep-equal-3.1.3.tgz#3a7d56b559d6cbc3eb512325244e619a65c6c525"
  integrity sha512-f3qQ9oQy9j2AhBe/H9VC91wLmKBCCU/gDOnKNAYG5hswO7BLKj09Hc5HYNz9cGI++xlpDCIgDaitVs03ATR84Q==

fast-json-stable-stringify@^2.0.0:
  version "2.1.0"
  resolved "https://registry.yarnpkg.com/fast-json-stable-stringify/-/fast-json-stable-stringify-2.1.0.tgz#874bf69c6f404c2b5d99c481341399fd55892633"
  integrity sha512-lhd/wF+Lk98HZoTCtlVraHtfh5XYijIjalXck7saUtuanSDyLMxnHhSXEDJqHxD7msR8D0uCmqlkwjCV8xvwHw==

js-cookie@^3.0.5:
  version "3.0.5"
  resolved "https://registry.yarnpkg.com/js-cookie/-/js-cookie-3.0.5.tgz#0b7e2fd0c01552c58ba86e0841f94dc2557dcdbc"
  integrity sha512-cEiJEAEoIbWfCZYKWhVwFuvPX1gETRYPw6LlaTKoxD3s2AkXzkCjnp6h0V77ozyqj0jakteJ4YqDJT830+lVGw==

json-schema-traverse@^0.4.1:
  version "0.4.1"
  resolved "https://registry.yarnpkg.com/json-schema-traverse/-/json-schema-traverse-0.4.1.tgz#69f6a87d9513ab8bb8fe63bdb0979c448e684660"
  integrity sha512-xbbCH5dCYU5T8LcEhhuh7HJ88HXuW3qsI3Y0zOZFKfZEHcpWiHU/Jxzk629Brsab/mMiHQti9wMP+845RPe3Vg==

json5@^2.1.2:
  version "2.2.3"
  resolved "https://registry.yarnpkg.com/json5/-/json5-2.2.3.tgz#78cd6f1a19bdc12b73db5ad0c61efd66c1e29283"
  integrity sha512-XmOWe7eyHYH14cLdVPoyg+GOH3rYX++KpzrylJwSW98t3Nk+U8XOl8FWKOgwtzdb8lXGf6zYwDUzeHMWfxasyg==

jwt-decode@^4.0.0:
  version "4.0.0"
  resolved "https://registry.yarnpkg.com/jwt-decode/-/jwt-decode-4.0.0.tgz#2270352425fd413785b2faf11f6e755c5151bd4b"
  integrity sha512-+KJGIyHgkGuIq3IEBNftfhW/LfWhXUIY6OmyVWjliu5KH1y0fw7VQ8YndE2O4qZdMSd9SqbnC8GOcZEy0Om7sA==

loader-utils@^2.0.0:
  version "2.0.4"
  resolved "https://registry.yarnpkg.com/loader-utils/-/loader-utils-2.0.4.tgz#8b5cb38b5c34a9a018ee1fc0e6a066d1dfcc528c"
  integrity sha512-xXqpXoINfFhgua9xiqD8fPFHgkoq1mmmpE92WlDbm9rNRd/EbRb+Gqf908T2DMfuHjjJlksiK2RbHVOdD/MqSw==
  dependencies:
    big.js "^5.2.2"
    emojis-list "^3.0.0"
    json5 "^2.1.2"

punycode@^2.1.0:
  version "2.3.1"
  resolved "https://registry.yarnpkg.com/punycode/-/punycode-2.3.1.tgz#027422e2faec0b25e1549c3e1bd8309b9133b6e5"
  integrity sha512-vYt7UD1U9Wg6138shLtLOvdAu+8DsC/ilFtEVHcH+wydcSpNE20AfSOduf6MkRFahL5FY7X1oU7nKVZFtfq8Fg==

raw-loader@^4.0.2:
  version "4.0.2"
  resolved "https://registry.yarnpkg.com/raw-loader/-/raw-loader-4.0.2.tgz#1aac6b7d1ad1501e66efdac1522c73e59a584eb6"
  integrity sha512-ZnScIV3ag9A4wPX/ZayxL/jZH+euYb6FcUinPcgiQW0+UBtEv0O6Q3lGd3cqJ+GHH+rksEv3Pj99oxJ3u3VIKA==
  dependencies:
    loader-utils "^2.0.0"
    schema-utils "^3.0.0"

react-spring@^9.7.4:
  version "9.7.5"
  resolved "https://registry.yarnpkg.com/react-spring/-/react-spring-9.7.5.tgz#ae335f3478026ff9480d4f85267eca6781c47bde"
  integrity sha512-oG6DkDZIASHzPiGYw5KwrCvoFZqsaO3t2R7KE37U6S/+8qWSph/UjRQalPpZxlbgheqV9LT62H6H9IyoopHdug==
  dependencies:
    "@react-spring/core" "~9.7.5"
    "@react-spring/konva" "~9.7.5"
    "@react-spring/native" "~9.7.5"
    "@react-spring/three" "~9.7.5"
    "@react-spring/web" "~9.7.5"
    "@react-spring/zdog" "~9.7.5"

schema-utils@^3.0.0:
  version "3.3.0"
  resolved "https://registry.yarnpkg.com/schema-utils/-/schema-utils-3.3.0.tgz#f50a88877c3c01652a15b622ae9e9795df7a60fe"
  integrity sha512-pN/yOAvcC+5rQ5nERGuwrjLlYvLTbCibnZ1I7B1LaiAz9BRBlE9GMgE/eqV30P7aJQUf7Ddimy/RsbYO/GrVGg==
  dependencies:
    "@types/json-schema" "^7.0.8"
    ajv "^6.12.5"
    ajv-keywords "^3.5.2"

uri-js@^4.2.2:
  version "4.4.1"
  resolved "https://registry.yarnpkg.com/uri-js/-/uri-js-4.4.1.tgz#9b1a52595225859e55f669d928f88c6c57f2a77e"
  integrity sha512-7rKUyy33Q1yc98pQ1DAmLtwX109F7TIfWlW1Ydo8Wl1ii1SeHieeh0HHfPeL2fMXK6z0s8ecKs9frCuLJvndBg==
  dependencies:
    punycode "^2.1.0"
